
Microsoft Visual Studio Solution File, Format Version 12.00
# Visual Studio Version 16
VisualStudioVersion = 16.0.31515.178
MinimumVisualStudioVersion = 10.0.40219.1
Project("{D954291E-2A0B-460D-934E-DC6B0785DB48}") = "Relay", "Relay.shproj", "{18582996-4B34-4292-8701-933C581EBA74}"
EndProject
Global
	GlobalSection(SharedMSBuildProjectFiles) = preSolution
		Relay.projitems*{18582996-4b34-4292-8701-933c581eba74}*SharedItemsImports = 13
	EndGlobalSection
	GlobalSection(SolutionProperties) = preSolution
		HideSolutionNode = FALSE
	EndGlobalSection
	GlobalSection(ExtensibilityGlobals) = postSolution
		SolutionGuid = {E9725590-0E2D-4135-BFEF-FFAC6F143A63}
	EndGlobalSection
EndGlobal
