
Microsoft Visual Studio Solution File, Format Version 12.00
# Visual Studio Version 17
VisualStudioVersion = 17.8.34309.116
MinimumVisualStudioVersion = 10.0.40219.1
Project("{FAE04EC0-301F-11D3-BF4B-00C04F79EFBC}") = "Relay", "Relay.csproj", "{25D2130A-176D-450E-9DAB-C8E70564998D}"
EndProject
Global
	GlobalSection(SolutionConfigurationPlatforms) = preSolution
		Debug R25|Any CPU = Debug R25|Any CPU
		Debug R26|Any CPU = Debug R26|Any CPU
		Debug R27|Any CPU = Debug R27|Any CPU
		Release R25|Any CPU = Release R25|Any CPU
		Release R26|Any CPU = Release R26|Any CPU
		Release R27|Any CPU = Release R27|Any CPU
	EndGlobalSection
	GlobalSection(ProjectConfigurationPlatforms) = postSolution
		{25D2130A-176D-450E-9DAB-C8E70564998D}.Debug R25|Any CPU.ActiveCfg = Debug R25|Any CPU
		{25D2130A-176D-450E-9DAB-C8E70564998D}.Debug R25|Any CPU.Build.0 = Debug R25|Any CPU
		{25D2130A-176D-450E-9DAB-C8E70564998D}.Debug R26|Any CPU.ActiveCfg = Debug R26|Any CPU
		{25D2130A-176D-450E-9DAB-C8E70564998D}.Debug R26|Any CPU.Build.0 = Debug R26|Any CPU
		{25D2130A-176D-450E-9DAB-C8E70564998D}.Debug R27|Any CPU.ActiveCfg = Debug R27|Any CPU
		{25D2130A-176D-450E-9DAB-C8E70564998D}.Debug R27|Any CPU.Build.0 = Debug R27|Any CPU
		{25D2130A-176D-450E-9DAB-C8E70564998D}.Release R25|Any CPU.ActiveCfg = Release R25|Any CPU
		{25D2130A-176D-450E-9DAB-C8E70564998D}.Release R25|Any CPU.Build.0 = Release R25|Any CPU
		{25D2130A-176D-450E-9DAB-C8E70564998D}.Release R26|Any CPU.ActiveCfg = Release R26|Any CPU
		{25D2130A-176D-450E-9DAB-C8E70564998D}.Release R26|Any CPU.Build.0 = Release R26|Any CPU
		{25D2130A-176D-450E-9DAB-C8E70564998D}.Release R27|Any CPU.ActiveCfg = Release R27|Any CPU
		{25D2130A-176D-450E-9DAB-C8E70564998D}.Release R27|Any CPU.Build.0 = Release R27|Any CPU
	EndGlobalSection
	GlobalSection(SolutionProperties) = preSolution
		HideSolutionNode = FALSE
	EndGlobalSection
	GlobalSection(ExtensibilityGlobals) = postSolution
		SolutionGuid = {C5A070F6-1EA7-44E6-8E4F-E0D82E97A27C}
	EndGlobalSection
EndGlobal
