
Microsoft Visual Studio Solution File, Format Version 12.00
# Visual Studio 15
VisualStudioVersion = 15.0.28307.1259
MinimumVisualStudioVersion = 10.0.40219.1
Project("{FAE04EC0-301F-11D3-BF4B-00C04F79EFBC}") = "Relay", "Relay.csproj", "{3F0733A7-2C8D-429C-B8F7-617CB2065E45}"
EndProject
Global
	GlobalSection(SolutionConfigurationPlatforms) = preSolution
		Debug|Any CPU = Debug|Any CPU
		Release|Any CPU = Release|Any CPU
	EndGlobalSection
	GlobalSection(ProjectConfigurationPlatforms) = postSolution
		{3F0733A7-2C8D-429C-B8F7-617CB2065E45}.Debug|Any CPU.ActiveCfg = Debug|Any CPU
		{3F0733A7-2C8D-429C-B8F7-617CB2065E45}.Debug|Any CPU.Build.0 = Debug|Any CPU
		{3F0733A7-2C8D-429C-B8F7-617CB2065E45}.Release|Any CPU.ActiveCfg = Release|Any CPU
		{3F0733A7-2C8D-429C-B8F7-617CB2065E45}.Release|Any CPU.Build.0 = Release|Any CPU
	EndGlobalSection
	GlobalSection(SolutionProperties) = preSolution
		HideSolutionNode = FALSE
	EndGlobalSection
	GlobalSection(ExtensibilityGlobals) = postSolution
		SolutionGuid = {996A27C3-475C-4EBB-B548-1794058D95B2}
	EndGlobalSection
EndGlobal
